{
  "name": "@drawbotics/vanilla-drylus",
  "version": "6.2.1-beta.31",
  "lockfileVersion": 1,
  "requires": true,
  "dependencies": {
    "@drawbotics/react-drylus": {
      "version": "file:../react-drylus",
      "requires": {
        "@drawbotics/drylus-style-vars": "file:../drylus-style-vars",
        "@drawbotics/icons": "file:../icons",
        "@drawbotics/use-screen-size": "^2.0.0",
        "@emotion/core": "^10.0.21",
        "@turf/circle": "^6.0.1",
        "animejs": "^3.0.1",
        "core-js": "^2.6.5",
        "emotion": "^10.0.9",
        "mapbox-gl": "^1.3.1",
        "react-calendar": "^2.19.0",
        "react-mapbox-wrapper": "^2.4.0",
        "react-transition-group": "^4.0.1",
        "uuid": "^3.3.2"
      }
    }
  }
}
