{
  "name": "@drawbotics/vanilla-drylus",
  "version": "4.4.8",
  "lockfileVersion": 1,
  "requires": true,
  "dependencies": {
    "@drawbotics/react-drylus": {
      "version": "file:../react-drylus",
      "requires": {
        "@drawbotics/drylus-style-vars": "file:../drylus-style-vars",
        "@drawbotics/enums": "0.2.0",
        "@drawbotics/icons": "file:../icons",
        "@drawbotics/use-screen-size": "^2.0.0",
        "@emotion/core": "^10.0.21",
        "@turf/circle": "^6.0.1",
        "animejs": "^3.0.1",
        "core-js": "^2.6.5",
        "emotion": "^10.0.9",
        "mapbox-gl": "^1.3.1",
        "react-calendar": "^2.19.0",
        "react-mapbox-wrapper": "^2.4.0",
        "react-transition-group": "^4.0.1",
        "uuid": "^3.3.2"
      },
      "dependencies": {
        "@babel/helper-module-imports": {
          "version": "7.0.0",
          "bundled": true,
          "requires": {
            "@babel/types": "^7.0.0"
          }
        },
        "@babel/runtime": {
          "version": "7.6.0",
          "bundled": true,
          "requires": {
            "regenerator-runtime": "^0.13.2"
          }
        },
        "@babel/types": {
          "version": "7.6.1",
          "bundled": true,
          "requires": {
            "esutils": "^2.0.2",
            "lodash": "^4.17.13",
            "to-fast-properties": "^2.0.0"
          }
        },
        "@drawbotics/drylus-style-vars": {
          "version": "file:../drylus-style-vars",
          "bundled": true,
          "requires": {
            "fs-extra": "^7.0.0",
            "lodash": "^4.17.10",
            "tinycolor2": "^1.4.1"
          },
          "dependencies": {
            "fs-extra": {
              "version": "7.0.0",
              "bundled": true,
              "requires": {
                "graceful-fs": "^4.1.2",
                "jsonfile": "^4.0.0",
                "universalify": "^0.1.0"
              }
            },
            "graceful-fs": {
              "version": "4.1.11",
              "bundled": true
            },
            "jsonfile": {
              "version": "4.0.0",
              "bundled": true,
              "requires": {
                "graceful-fs": "^4.1.6"
              }
            },
            "lodash": {
              "version": "4.17.10",
              "bundled": true
            },
            "tinycolor2": {
              "version": "1.4.1",
              "bundled": true
            },
            "universalify": {
              "version": "0.1.2",
              "bundled": true
            }
          }
        },
        "@drawbotics/enums": {
          "version": "0.2.0",
          "bundled": true
        },
        "@drawbotics/icons": {
          "version": "file:../icons",
          "bundled": true,
          "requires": {
            "core-js": "^2.6.9"
          },
          "dependencies": {
            "core-js": {
              "version": "2.6.9",
              "bundled": true
            }
          }
        },
        "@drawbotics/use-screen-size": {
          "version": "2.0.0",
          "bundled": true
        },
        "@emotion/cache": {
          "version": "10.0.19",
          "bundled": true,
          "requires": {
            "@emotion/sheet": "0.9.3",
            "@emotion/stylis": "0.8.4",
            "@emotion/utils": "0.11.2",
            "@emotion/weak-memoize": "0.2.4"
          }
        },
        "@emotion/core": {
          "version": "10.0.21",
          "bundled": true,
          "requires": {
            "@babel/runtime": "^7.5.5",
            "@emotion/cache": "^10.0.17",
            "@emotion/css": "^10.0.14",
            "@emotion/serialize": "^0.11.10",
            "@emotion/sheet": "0.9.3",
            "@emotion/utils": "0.11.2"
          }
        },
        "@emotion/css": {
          "version": "10.0.14",
          "bundled": true,
          "requires": {
            "@emotion/serialize": "^0.11.8",
            "@emotion/utils": "0.11.2",
            "babel-plugin-emotion": "^10.0.14"
          }
        },
        "@emotion/hash": {
          "version": "0.7.3",
          "bundled": true
        },
        "@emotion/memoize": {
          "version": "0.7.3",
          "bundled": true
        },
        "@emotion/serialize": {
          "version": "0.11.11",
          "bundled": true,
          "requires": {
            "@emotion/hash": "0.7.3",
            "@emotion/memoize": "0.7.3",
            "@emotion/unitless": "0.7.4",
            "@emotion/utils": "0.11.2",
            "csstype": "^2.5.7"
          }
        },
        "@emotion/sheet": {
          "version": "0.9.3",
          "bundled": true
        },
        "@emotion/stylis": {
          "version": "0.8.4",
          "bundled": true
        },
        "@emotion/unitless": {
          "version": "0.7.4",
          "bundled": true
        },
        "@emotion/utils": {
          "version": "0.11.2",
          "bundled": true
        },
        "@emotion/weak-memoize": {
          "version": "0.2.4",
          "bundled": true
        },
        "@mapbox/geojson-area": {
          "version": "0.2.2",
          "bundled": true,
          "requires": {
            "wgs84": "0.0.0"
          }
        },
        "@mapbox/geojson-rewind": {
          "version": "0.4.0",
          "bundled": true,
          "requires": {
            "@mapbox/geojson-area": "0.2.2",
            "concat-stream": "~1.6.0",
            "minimist": "1.2.0",
            "sharkdown": "^0.1.0"
          },
          "dependencies": {
            "minimist": {
              "version": "1.2.0",
              "bundled": true
            }
          }
        },
        "@mapbox/geojson-types": {
          "version": "1.0.2",
          "bundled": true
        },
        "@mapbox/jsonlint-lines-primitives": {
          "version": "2.0.2",
          "bundled": true
        },
        "@mapbox/mapbox-gl-supported": {
          "version": "1.4.1",
          "bundled": true
        },
        "@mapbox/point-geometry": {
          "version": "0.1.0",
          "bundled": true
        },
        "@mapbox/tiny-sdf": {
          "version": "1.1.1",
          "bundled": true
        },
        "@mapbox/unitbezier": {
          "version": "0.0.0",
          "bundled": true
        },
        "@mapbox/vector-tile": {
          "version": "1.3.1",
          "bundled": true,
          "requires": {
            "@mapbox/point-geometry": "~0.1.0"
          }
        },
        "@mapbox/whoots-js": {
          "version": "3.1.0",
          "bundled": true
        },
        "@turf/circle": {
          "version": "6.0.1",
          "bundled": true,
          "requires": {
            "@turf/destination": "6.x",
            "@turf/helpers": "6.x"
          }
        },
        "@turf/destination": {
          "version": "6.0.1",
          "bundled": true,
          "requires": {
            "@turf/helpers": "6.x",
            "@turf/invariant": "6.x"
          }
        },
        "@turf/helpers": {
          "version": "6.1.4",
          "bundled": true
        },
        "@turf/invariant": {
          "version": "6.1.2",
          "bundled": true,
          "requires": {
            "@turf/helpers": "6.x"
          }
        },
        "animejs": {
          "version": "3.1.0",
          "bundled": true
        },
        "ansicolors": {
          "version": "0.2.1",
          "bundled": true
        },
        "argparse": {
          "version": "1.0.10",
          "bundled": true,
          "requires": {
            "sprintf-js": "~1.0.2"
          }
        },
        "babel-plugin-emotion": {
          "version": "10.0.19",
          "bundled": true,
          "requires": {
            "@babel/helper-module-imports": "^7.0.0",
            "@emotion/hash": "0.7.3",
            "@emotion/memoize": "0.7.3",
            "@emotion/serialize": "^0.11.11",
            "babel-plugin-macros": "^2.0.0",
            "babel-plugin-syntax-jsx": "^6.18.0",
            "convert-source-map": "^1.5.0",
            "escape-string-regexp": "^1.0.5",
            "find-root": "^1.1.0",
            "source-map": "^0.5.7"
          }
        },
        "babel-plugin-macros": {
          "version": "2.6.1",
          "bundled": true,
          "requires": {
            "@babel/runtime": "^7.4.2",
            "cosmiconfig": "^5.2.0",
            "resolve": "^1.10.0"
          }
        },
        "babel-plugin-syntax-jsx": {
          "version": "6.18.0",
          "bundled": true
        },
        "buffer-from": {
          "version": "1.1.1",
          "bundled": true
        },
        "caller-callsite": {
          "version": "2.0.0",
          "bundled": true,
          "requires": {
            "callsites": "^2.0.0"
          }
        },
        "caller-path": {
          "version": "2.0.0",
          "bundled": true,
          "requires": {
            "caller-callsite": "^2.0.0"
          }
        },
        "callsites": {
          "version": "2.0.0",
          "bundled": true
        },
        "cardinal": {
          "version": "0.4.4",
          "bundled": true,
          "requires": {
            "ansicolors": "~0.2.1",
            "redeyed": "~0.4.0"
          }
        },
        "concat-stream": {
          "version": "1.6.2",
          "bundled": true,
          "requires": {
            "buffer-from": "^1.0.0",
            "inherits": "^2.0.3",
            "readable-stream": "^2.2.2",
            "typedarray": "^0.0.6"
          }
        },
        "convert-source-map": {
          "version": "1.6.0",
          "bundled": true,
          "requires": {
            "safe-buffer": "~5.1.1"
          }
        },
        "core-js": {
          "version": "2.6.9",
          "bundled": true
        },
        "core-util-is": {
          "version": "1.0.2",
          "bundled": true
        },
        "cosmiconfig": {
          "version": "5.2.1",
          "bundled": true,
          "requires": {
            "import-fresh": "^2.0.0",
            "is-directory": "^0.3.1",
            "js-yaml": "^3.13.1",
            "parse-json": "^4.0.0"
          }
        },
        "create-emotion": {
          "version": "10.0.14",
          "bundled": true,
          "requires": {
            "@emotion/cache": "^10.0.14",
            "@emotion/serialize": "^0.11.8",
            "@emotion/sheet": "0.9.3",
            "@emotion/utils": "0.11.2"
          }
        },
        "csscolorparser": {
          "version": "1.0.3",
          "bundled": true
        },
        "csstype": {
          "version": "2.6.6",
          "bundled": true
        },
        "dom-helpers": {
          "version": "5.1.0",
          "bundled": true,
          "requires": {
            "@babel/runtime": "^7.5.5",
            "csstype": "^2.6.6"
          }
        },
        "earcut": {
          "version": "2.2.0",
          "bundled": true
        },
        "emotion": {
          "version": "10.0.17",
          "bundled": true,
          "requires": {
            "babel-plugin-emotion": "^10.0.17",
            "create-emotion": "^10.0.14"
          }
        },
        "error-ex": {
          "version": "1.3.2",
          "bundled": true,
          "requires": {
            "is-arrayish": "^0.2.1"
          }
        },
        "escape-string-regexp": {
          "version": "1.0.5",
          "bundled": true
        },
        "esprima": {
          "version": "4.0.1",
          "bundled": true
        },
        "esutils": {
          "version": "2.0.3",
          "bundled": true
        },
        "find-root": {
          "version": "1.1.0",
          "bundled": true
        },
        "geojson-vt": {
          "version": "3.2.1",
          "bundled": true
        },
        "get-user-locale": {
          "version": "1.2.0",
          "bundled": true,
          "requires": {
            "lodash.once": "^4.1.1"
          }
        },
        "gl-matrix": {
          "version": "3.1.0",
          "bundled": true
        },
        "grid-index": {
          "version": "1.1.0",
          "bundled": true
        },
        "ieee754": {
          "version": "1.1.13",
          "bundled": true
        },
        "import-fresh": {
          "version": "2.0.0",
          "bundled": true,
          "requires": {
            "caller-path": "^2.0.0",
            "resolve-from": "^3.0.0"
          }
        },
        "inherits": {
          "version": "2.0.4",
          "bundled": true
        },
        "is-arrayish": {
          "version": "0.2.1",
          "bundled": true
        },
        "is-directory": {
          "version": "0.3.1",
          "bundled": true
        },
        "isarray": {
          "version": "1.0.0",
          "bundled": true
        },
        "js-tokens": {
          "version": "4.0.0",
          "bundled": true
        },
        "js-yaml": {
          "version": "3.13.1",
          "bundled": true,
          "requires": {
            "argparse": "^1.0.7",
            "esprima": "^4.0.0"
          }
        },
        "json-parse-better-errors": {
          "version": "1.0.2",
          "bundled": true
        },
        "kdbush": {
          "version": "3.0.0",
          "bundled": true
        },
        "lodash": {
          "version": "4.17.15",
          "bundled": true
        },
        "lodash.once": {
          "version": "4.1.1",
          "bundled": true
        },
        "loose-envify": {
          "version": "1.4.0",
          "bundled": true,
          "requires": {
            "js-tokens": "^3.0.0 || ^4.0.0"
          }
        },
        "mapbox-gl": {
          "version": "1.3.1",
          "bundled": true,
          "requires": {
            "@mapbox/geojson-rewind": "^0.4.0",
            "@mapbox/geojson-types": "^1.0.2",
            "@mapbox/jsonlint-lines-primitives": "^2.0.2",
            "@mapbox/mapbox-gl-supported": "^1.4.0",
            "@mapbox/point-geometry": "^0.1.0",
            "@mapbox/tiny-sdf": "^1.1.0",
            "@mapbox/unitbezier": "^0.0.0",
            "@mapbox/vector-tile": "^1.3.1",
            "@mapbox/whoots-js": "^3.1.0",
            "csscolorparser": "~1.0.2",
            "earcut": "^2.1.5",
            "geojson-vt": "^3.2.1",
            "gl-matrix": "^3.0.0",
            "grid-index": "^1.1.0",
            "minimist": "0.0.8",
            "murmurhash-js": "^1.0.0",
            "pbf": "^3.0.5",
            "potpack": "^1.0.1",
            "quickselect": "^2.0.0",
            "rw": "^1.3.3",
            "supercluster": "^6.0.1",
            "tinyqueue": "^2.0.0",
            "vt-pbf": "^3.1.1"
          }
        },
        "merge-class-names": {
          "version": "1.2.0",
          "bundled": true
        },
        "minimist": {
          "version": "0.0.8",
          "bundled": true
        },
        "murmurhash-js": {
          "version": "1.0.0",
          "bundled": true
        },
        "object-assign": {
          "version": "4.1.1",
          "bundled": true
        },
        "parse-json": {
          "version": "4.0.0",
          "bundled": true,
          "requires": {
            "error-ex": "^1.3.1",
            "json-parse-better-errors": "^1.0.1"
          }
        },
        "path-parse": {
          "version": "1.0.6",
          "bundled": true
        },
        "pbf": {
          "version": "3.2.0",
          "bundled": true,
          "requires": {
            "ieee754": "^1.1.12",
            "resolve-protobuf-schema": "^2.1.0"
          }
        },
        "potpack": {
          "version": "1.0.1",
          "bundled": true
        },
        "process-nextick-args": {
          "version": "2.0.1",
          "bundled": true
        },
        "prop-types": {
          "version": "15.7.2",
          "bundled": true,
          "requires": {
            "loose-envify": "^1.4.0",
            "object-assign": "^4.1.1",
            "react-is": "^16.8.1"
          }
        },
        "protocol-buffers-schema": {
          "version": "3.3.2",
          "bundled": true
        },
        "quickselect": {
          "version": "2.0.0",
          "bundled": true
        },
        "react-calendar": {
          "version": "2.19.2",
          "bundled": true,
          "requires": {
            "get-user-locale": "^1.2.0",
            "merge-class-names": "^1.1.1",
            "prop-types": "^15.6.0",
            "react-lifecycles-compat": "^3.0.4"
          }
        },
        "react-is": {
          "version": "16.9.0",
          "bundled": true
        },
        "react-lifecycles-compat": {
          "version": "3.0.4",
          "bundled": true
        },
        "react-mapbox-wrapper": {
          "version": "2.4.0",
          "bundled": true
        },
        "react-transition-group": {
          "version": "4.3.0",
          "bundled": true,
          "requires": {
            "@babel/runtime": "^7.5.5",
            "dom-helpers": "^5.0.1",
            "loose-envify": "^1.4.0",
            "prop-types": "^15.6.2"
          }
        },
        "readable-stream": {
          "version": "2.3.6",
          "bundled": true,
          "requires": {
            "core-util-is": "~1.0.0",
            "inherits": "~2.0.3",
            "isarray": "~1.0.0",
            "process-nextick-args": "~2.0.0",
            "safe-buffer": "~5.1.1",
            "string_decoder": "~1.1.1",
            "util-deprecate": "~1.0.1"
          }
        },
        "redeyed": {
          "version": "0.4.4",
          "bundled": true,
          "requires": {
            "esprima": "~1.0.4"
          },
          "dependencies": {
            "esprima": {
              "version": "1.0.4",
              "bundled": true
            }
          }
        },
        "regenerator-runtime": {
          "version": "0.13.3",
          "bundled": true
        },
        "resolve": {
          "version": "1.12.0",
          "bundled": true,
          "requires": {
            "path-parse": "^1.0.6"
          }
        },
        "resolve-from": {
          "version": "3.0.0",
          "bundled": true
        },
        "resolve-protobuf-schema": {
          "version": "2.1.0",
          "bundled": true,
          "requires": {
            "protocol-buffers-schema": "^3.3.1"
          }
        },
        "rw": {
          "version": "1.3.3",
          "bundled": true
        },
        "safe-buffer": {
          "version": "5.1.2",
          "bundled": true
        },
        "sharkdown": {
          "version": "0.1.1",
          "bundled": true,
          "requires": {
            "cardinal": "~0.4.2",
            "minimist": "0.0.5",
            "split": "~0.2.10"
          },
          "dependencies": {
            "minimist": {
              "version": "0.0.5",
              "bundled": true
            }
          }
        },
        "source-map": {
          "version": "0.5.7",
          "bundled": true
        },
        "split": {
          "version": "0.2.10",
          "bundled": true,
          "requires": {
            "through": "2"
          }
        },
        "sprintf-js": {
          "version": "1.0.3",
          "bundled": true
        },
        "string_decoder": {
          "version": "1.1.1",
          "bundled": true,
          "requires": {
            "safe-buffer": "~5.1.0"
          }
        },
        "supercluster": {
          "version": "6.0.2",
          "bundled": true,
          "requires": {
            "kdbush": "^3.0.0"
          }
        },
        "through": {
          "version": "2.3.8",
          "bundled": true
        },
        "tinyqueue": {
          "version": "2.0.3",
          "bundled": true
        },
        "to-fast-properties": {
          "version": "2.0.0",
          "bundled": true
        },
        "typedarray": {
          "version": "0.0.6",
          "bundled": true
        },
        "util-deprecate": {
          "version": "1.0.2",
          "bundled": true
        },
        "uuid": {
          "version": "3.3.3",
          "bundled": true
        },
        "vt-pbf": {
          "version": "3.1.1",
          "bundled": true,
          "requires": {
            "@mapbox/point-geometry": "0.1.0",
            "@mapbox/vector-tile": "^1.3.1",
            "pbf": "^3.0.5"
          }
        },
        "wgs84": {
          "version": "0.0.0",
          "bundled": true
        }
      }
    }
  }
}
